
Microsoft Visual Studio Solution File, Format Version 12.00
# Visual Studio 2013
VisualStudioVersion = 12.0.31101.0
MinimumVisualStudioVersion = 10.0.40219.1
Project("{FAE04EC0-301F-11D3-BF4B-00C04F79EFBC}") = "TCCI", "TCCI\TCCI.csproj", "{1009242B-9510-4F28-BCEE-4A32262524B8}"
EndProject
Project("{FAE04EC0-301F-11D3-BF4B-00C04F79EFBC}") = "TCCI.Tests", "TCCI.Tests\TCCI.Tests.csproj", "{3D253324-01C8-43EC-981D-356697003E80}"
EndProject
Project("{FAE04EC0-301F-11D3-BF4B-00C04F79EFBC}") = "SimpleFunctions", "SimpleFunctions\SimpleFunctions.csproj", "{0713FC94-E1AE-4E0D-874D-4CFF994CE140}"
EndProject
Project("{FAE04EC0-301F-11D3-BF4B-00C04F79EFBC}") = "SimpleFunctions.Tests", "SimpleFunctions.Tests\SimpleFunctions.Tests.csproj", "{EFEA6D4C-F260-46DB-9ACD-D7E976537C86}"
EndProject
Global
	GlobalSection(SolutionConfigurationPlatforms) = preSolution
		Debug|Any CPU = Debug|Any CPU
		Release|Any CPU = Release|Any CPU
	EndGlobalSection
	GlobalSection(ProjectConfigurationPlatforms) = postSolution
		{1009242B-9510-4F28-BCEE-4A32262524B8}.Debug|Any CPU.ActiveCfg = Debug|Any CPU
		{1009242B-9510-4F28-BCEE-4A32262524B8}.Debug|Any CPU.Build.0 = Debug|Any CPU
		{1009242B-9510-4F28-BCEE-4A32262524B8}.Release|Any CPU.ActiveCfg = Release|Any CPU
		{1009242B-9510-4F28-BCEE-4A32262524B8}.Release|Any CPU.Build.0 = Release|Any CPU
		{3D253324-01C8-43EC-981D-356697003E80}.Debug|Any CPU.ActiveCfg = Debug|Any CPU
		{3D253324-01C8-43EC-981D-356697003E80}.Debug|Any CPU.Build.0 = Debug|Any CPU
		{3D253324-01C8-43EC-981D-356697003E80}.Release|Any CPU.ActiveCfg = Release|Any CPU
		{3D253324-01C8-43EC-981D-356697003E80}.Release|Any CPU.Build.0 = Release|Any CPU
		{0713FC94-E1AE-4E0D-874D-4CFF994CE140}.Debug|Any CPU.ActiveCfg = Debug|Any CPU
		{0713FC94-E1AE-4E0D-874D-4CFF994CE140}.Debug|Any CPU.Build.0 = Debug|Any CPU
		{0713FC94-E1AE-4E0D-874D-4CFF994CE140}.Release|Any CPU.ActiveCfg = Release|Any CPU
		{0713FC94-E1AE-4E0D-874D-4CFF994CE140}.Release|Any CPU.Build.0 = Release|Any CPU
		{EFEA6D4C-F260-46DB-9ACD-D7E976537C86}.Debug|Any CPU.ActiveCfg = Debug|Any CPU
		{EFEA6D4C-F260-46DB-9ACD-D7E976537C86}.Debug|Any CPU.Build.0 = Debug|Any CPU
		{EFEA6D4C-F260-46DB-9ACD-D7E976537C86}.Release|Any CPU.ActiveCfg = Release|Any CPU
		{EFEA6D4C-F260-46DB-9ACD-D7E976537C86}.Release|Any CPU.Build.0 = Release|Any CPU
	EndGlobalSection
	GlobalSection(SolutionProperties) = preSolution
		HideSolutionNode = FALSE
	EndGlobalSection
EndGlobal
